
Microsoft Visual Studio Solution File, Format Version 12.00
# Visual Studio 15
VisualStudioVersion = 15.0.28306.52
MinimumVisualStudioVersion = 10.0.40219.1
Project("{FAE04EC0-301F-11D3-BF4B-00C04F79EFBC}") = "Spit Up", "Spit Up\Spit Up.csproj", "{C7D85597-CB49-4AD7-9180-706693C2D77A}"
EndProject
Global
	GlobalSection(SolutionConfigurationPlatforms) = preSolution
		Debug|Any CPU = Debug|Any CPU
		Release|Any CPU = Release|Any CPU
	EndGlobalSection
	GlobalSection(ProjectConfigurationPlatforms) = postSolution
		{C7D85597-CB49-4AD7-9180-706693C2D77A}.Debug|Any CPU.ActiveCfg = Debug|Any CPU
		{C7D85597-CB49-4AD7-9180-706693C2D77A}.Debug|Any CPU.Build.0 = Debug|Any CPU
		{C7D85597-CB49-4AD7-9180-706693C2D77A}.Release|Any CPU.ActiveCfg = Release|Any CPU
		{C7D85597-CB49-4AD7-9180-706693C2D77A}.Release|Any CPU.Build.0 = Release|Any CPU
	EndGlobalSection
	GlobalSection(SolutionProperties) = preSolution
		HideSolutionNode = FALSE
	EndGlobalSection
	GlobalSection(ExtensibilityGlobals) = postSolution
		SolutionGuid = {5769A978-1167-4207-9C22-2ACC861414F9}
	EndGlobalSection
EndGlobal
